<?xml version="1.0" encoding="utf-8"?>
<Project ToolsVersion="4.0" xmlns="http://schemas.microsoft.com/developer/msbuild/2003">
  <ItemGroup>
    <Filter Include="Source Files">
      <UniqueIdentifier>{4FC737F1-C7A5-4376-A066-2A32D752A2FF}</UniqueIdentifier>
      <Extensions>cpp;c;cc;cxx;def;odl;idl;hpj;bat;asm;asmx</Extensions>
    </Filter>
    <Filter Include="Header Files">
      <UniqueIdentifier>{93995380-89BD-4b04-88EB-625FBE52EBFB}</UniqueIdentifier>
      <Extensions>h;hpp;hxx;hm;inl;inc;xsd</Extensions>
    </Filter>
    <Filter Include="Resource Files">
      <UniqueIdentifier>{67DA6AB6-F800-4c08-8B7A-83BB121AAD01}</UniqueIdentifier>
      <Extensions>rc;ico;cur;bmp;dlg;rc2;rct;bin;rgs;gif;jpg;jpeg;jpe;resx;tiff;tif;png;wav;mfcribbon-ms</Extensions>
    </Filter>
    <Filter Include="Header Files\GL">
      <UniqueIdentifier>{d5aafdbe-1a97-4277-89ec-4c2317638810}</UniqueIdentifier>
    </Filter>
    <Filter Include="Header Files\GLFW">
      <UniqueIdentifier>{97f70dfa-2418-472a-8b36-4a18b193c5f7}</UniqueIdentifier>
    </Filter>
    <Filter Include="Source Files\GL">
      <UniqueIdentifier>{b28f94c7-c704-48a7-845d-e6f7d45509d4}</UniqueIdentifier>
    </Filter>
  </ItemGroup>
  <ItemGroup>
    <Library Include="glfw3.lib">
      <Filter>Resource Files</Filter>
    </Library>
  </ItemGroup>
  <ItemGroup>
    <ClCompile Include="main.cpp">
      <Filter>Source Files</Filter>
    </ClCompile>
    <ClCompile Include="Shader.cpp">
      <Filter>Source Files</Filter>
    </ClCompile>
    <ClCompile Include="Object.cpp">
      <Filter>Source Files</Filter>
    </ClCompile>
    <ClCompile Include="GL\gl_core_3_3.c">
      <Filter>Source Files\GL</Filter>
    </ClCompile>
    <ClCompile Include="Window.cpp">
      <Filter>Source Files</Filter>
    </ClCompile>
  </ItemGroup>
  <ItemGroup>
    <None Include="simple.vert">
      <Filter>Resource Files</Filter>
    </None>
    <None Include="simple.frag">
      <Filter>Resource Files</Filter>
    </None>
  </ItemGroup>
  <ItemGroup>
    <ClInclude Include="Object.hpp">
      <Filter>Header Files</Filter>
    </ClInclude>
    <ClInclude Include="Shader.hpp">
      <Filter>Header Files</Filter>
    </ClInclude>
    <ClInclude Include="GL\gl_core_3_3.h">
      <Filter>Header Files\GL</Filter>
    </ClInclude>
    <ClInclude Include="GLFW\glfw3.h">
      <Filter>Header Files\GLFW</Filter>
    </ClInclude>
    <ClInclude Include="Window.hpp">
      <Filter>Header Files</Filter>
    </ClInclude>
  </ItemGroup>
</Project>